b12c54c86b345c40a7f41334782055621607a6219dc1ed9055f82b30c8dd3b9e  lib/tagged.cyr
cbb0fa8a42f4736a41c8675d7ab1f25491dec7c49fcc0ef93c8ccb9c24e941ae  lib/toml.cyr
8d0176c8f413c419c70b2d7eb193f074e780f695dfb5c3cccccf0b492eaf7217  lib/net.cyr
7cbd6e9ba65d55ef02f3e490d6e3559c2a3af57dc842dd9adb688f5dc5b1ac63  lib/str.cyr
15463a1fb581b9fa3d8fabaad4301c1a2b90a653a5e14b24e5e751514850a0a2  lib/alloc_macos.cyr
7d3c47733551e6c2c6ebf35fc5b1efab66b432d99564f0d9a7c15361e7f5537b  lib/freelist.cyr
30abbdfd10790b852144e20dc9fdf1503336fb94940ec7a4ce37ec92dcfad746  lib/regex.cyr
c495cb755565754f1b916466336eb577b99b1d12e02d3460a911c812418e4fd5  lib/sakshi.cyr
48ee8f0ee8e5af43f1fcd514fd6a5ca366abb889e074c2f52231f39f20c43b54  lib/string.cyr
c19722ce5cea23bdba61f15f3df4daccf29216a8ff9bda6645701106c0826a91  lib/process.cyr
ce3a1571e1fc8868cb4cedae4ed13deae1e7b82773a3634d16432ac8765849e0  lib/alloc.cyr
3f9823d527d27c5be0fea57389fad07e8c3e5f734054776a479212a59d069e7c  lib/syscalls_x86_64_linux.cyr
8015e17603b037d451e91f828b1180b8f9aaff2a3d72a470b217fa74a9914604  lib/fmt.cyr
3d8866ffb1f204987944cbf1f97464ef15f6b01f86de8e7f31587831e0c4e045  lib/agnosys-core.cyr
19b253c57c296aad52c3209132f13d78c97118a6e40d971e49355d047e379bbf  lib/assert.cyr
cde23315f5785238fabd8541806ddb8bb96b00faab2ac8728b47bc83240dce95  lib/args.cyr
d64edbbf5766c100a96bd7562055397cc4424227fbafbfefcf6523c78b6c78ee  lib/chrono.cyr
778d6d262948a6e645af85c36d507d6d0430a54d682a6b4181a101eed9cc5056  lib/syscalls.cyr
f362ed6f1f4064dfcbc72b32892c2917ff80119a583bfdfa948771e115eb8de0  lib/alloc_windows.cyr
7046f0d30521a26621db9e7037d97770b7a694336fb3fd0922187b7c5bfb8293  lib/syscalls_aarch64_linux.cyr
7cd60bc51c96d4903e45c179e0d604c2c8f083384ff95b57a24479d499de1f19  lib/bench.cyr
d23c28c1e00334c33e9510053c23ad7b8ea8a82ec79ff0cd72d70791f30d8e96  lib/vec.cyr
1743bbefa34268633f0665dbaf5fa3e20a1f44f344a1ad26943e17c991930508  lib/fs.cyr
81503722a2482a53edb40b98baf7d5922536c6e764e0da6267c17d13558e8545  lib/io.cyr
51d1ece9ff544e05c430d03771caab9f86d7fffe1c8da58f9616ee15f90777a6  lib/hashmap.cyr
a53b49d3ad77448e11a36a59fb172a36488a92d83d6cf9802c8ade1a8b83effe  lib/fnptr.cyr
137d3a72ea9b80ffa77c76bd40cfa0b01c700f98393b62b610c3b3749b2f690a  lib/syscalls_windows.cyr
d54b859edbe8ec22b4a8eeebe8aeffc23acb4d1c476acf9892bfee6ae61f149c  lib/json.cyr
68409c55f1d310b78503ad2e4e7a92502d605d859b1dba8b34b7a4899778a1ca  lib/callback.cyr
fcb060e991af4b5cd1d3e1ad7fdc06278d8a0adf64d073c234298c4c20f1a000  lib/args_macos.cyr
83f1fd9255043adf12f21fd9c9275f64fda2aafe889b419de4575408c322ad4a  lib/result.cyr
